
Microsoft Visual Studio Solution File, Format Version 12.00
# Visual Studio Version 16
VisualStudioVersion = 16.0.29920.165
MinimumVisualStudioVersion = 10.0.40219.1
Project("{FAE04EC0-301F-11D3-BF4B-00C04F79EFBC}") = "WebApp_SellersTable", "WebApp_SellersTable\WebApp_SellersTable.csproj", "{EF65FCAE-D20B-400D-A1E8-3EB08AFF0B7C}"
EndProject
Global
	GlobalSection(SolutionConfigurationPlatforms) = preSolution
		Debug|Any CPU = Debug|Any CPU
		Release|Any CPU = Release|Any CPU
	EndGlobalSection
	GlobalSection(ProjectConfigurationPlatforms) = postSolution
		{EF65FCAE-D20B-400D-A1E8-3EB08AFF0B7C}.Debug|Any CPU.ActiveCfg = Debug|Any CPU
		{EF65FCAE-D20B-400D-A1E8-3EB08AFF0B7C}.Debug|Any CPU.Build.0 = Debug|Any CPU
		{EF65FCAE-D20B-400D-A1E8-3EB08AFF0B7C}.Release|Any CPU.ActiveCfg = Release|Any CPU
		{EF65FCAE-D20B-400D-A1E8-3EB08AFF0B7C}.Release|Any CPU.Build.0 = Release|Any CPU
	EndGlobalSection
	GlobalSection(SolutionProperties) = preSolution
		HideSolutionNode = FALSE
	EndGlobalSection
	GlobalSection(ExtensibilityGlobals) = postSolution
		SolutionGuid = {92084EB7-3785-4B25-A19B-0C64720E1C81}
	EndGlobalSection
EndGlobal
